PODS:
  - augen (0.1.0):
    - Flutter
  - Flutter (1.0.0)
  - image_picker_ios (0.0.1):
    - Flutter

DEPENDENCIES:
  - augen (from `.symlinks/plugins/augen/ios`)
  - Flutter (from `Flutter`)
  - image_picker_ios (from `.symlinks/plugins/image_picker_ios/ios`)

EXTERNAL SOURCES:
  augen:
    :path: ".symlinks/plugins/augen/ios"
  Flutter:
    :path: Flutter
  image_picker_ios:
    :path: ".symlinks/plugins/image_picker_ios/ios"

SPEC CHECKSUMS:
  augen: 1fab224f9c5b5382a7a1ce034ece9b3cda78e5bb
  Flutter: cabc95a1d2626b1b06e7179b784ebcf0c0cde467
  image_picker_ios: 4f2f91b01abdb52842a8e277617df877e40f905b

PODFILE CHECKSUM: 12e1f791e9b642b11fc2cde52d5156cb44166fdf

COCOAPODS: 1.16.2
